
Microsoft Visual Studio Solution File, Format Version 12.00
# Visual Studio 14
VisualStudioVersion = 14.0.25420.1
MinimumVisualStudioVersion = 10.0.40219.1
Project("{FAE04EC0-301F-11D3-BF4B-00C04F79EFBC}") = "1.DAL", "DAL\1.DAL.csproj", "{C39A47CA-0952-431A-809E-CFA3ED43A441}"
EndProject
Project("{FAE04EC0-301F-11D3-BF4B-00C04F79EFBC}") = "2.BLL", "BLL\2.BLL.csproj", "{F870B555-D0D4-4680-B99B-6C1F7A97ED5B}"
EndProject
Project("{FAE04EC0-301F-11D3-BF4B-00C04F79EFBC}") = "3.WEB", "WEB\3.WEB.csproj", "{C42EA43E-F94C-4DDF-AFC6-4B86DFA407F0}"
EndProject
Global
	GlobalSection(SolutionConfigurationPlatforms) = preSolution
		Debug|Any CPU = Debug|Any CPU
		Release|Any CPU = Release|Any CPU
	EndGlobalSection
	GlobalSection(ProjectConfigurationPlatforms) = postSolution
		{C39A47CA-0952-431A-809E-CFA3ED43A441}.Debug|Any CPU.ActiveCfg = Debug|Any CPU
		{C39A47CA-0952-431A-809E-CFA3ED43A441}.Debug|Any CPU.Build.0 = Debug|Any CPU
		{C39A47CA-0952-431A-809E-CFA3ED43A441}.Release|Any CPU.ActiveCfg = Release|Any CPU
		{C39A47CA-0952-431A-809E-CFA3ED43A441}.Release|Any CPU.Build.0 = Release|Any CPU
		{F870B555-D0D4-4680-B99B-6C1F7A97ED5B}.Debug|Any CPU.ActiveCfg = Debug|Any CPU
		{F870B555-D0D4-4680-B99B-6C1F7A97ED5B}.Debug|Any CPU.Build.0 = Debug|Any CPU
		{F870B555-D0D4-4680-B99B-6C1F7A97ED5B}.Release|Any CPU.ActiveCfg = Release|Any CPU
		{F870B555-D0D4-4680-B99B-6C1F7A97ED5B}.Release|Any CPU.Build.0 = Release|Any CPU
		{C42EA43E-F94C-4DDF-AFC6-4B86DFA407F0}.Debug|Any CPU.ActiveCfg = Debug|Any CPU
		{C42EA43E-F94C-4DDF-AFC6-4B86DFA407F0}.Debug|Any CPU.Build.0 = Debug|Any CPU
		{C42EA43E-F94C-4DDF-AFC6-4B86DFA407F0}.Release|Any CPU.ActiveCfg = Release|Any CPU
		{C42EA43E-F94C-4DDF-AFC6-4B86DFA407F0}.Release|Any CPU.Build.0 = Release|Any CPU
	EndGlobalSection
	GlobalSection(SolutionProperties) = preSolution
		HideSolutionNode = FALSE
	EndGlobalSection
EndGlobal
